
Microsoft Visual Studio Solution File, Format Version 12.00
# Visual Studio Version 16
VisualStudioVersion = 16.0.28729.10
MinimumVisualStudioVersion = 10.0.40219.1
Project("{9A19103F-16F7-4668-BE54-9A1E7A4F7556}") = "BFI.Domain", "bfi.domain\BFI.Domain.csproj", "{AE6F9DD6-E975-4A83-8FAD-E4386EE0495A}"
EndProject
Project("{9A19103F-16F7-4668-BE54-9A1E7A4F7556}") = "BFI.Domain.Tests", "bfi.domain.tests\BFI.Domain.Tests.csproj", "{761D5F9F-D49A-4C04-B909-155D6239FFAF}"
EndProject
Project("{9A19103F-16F7-4668-BE54-9A1E7A4F7556}") = "BFI.Functions", "BFI.Functions\BFI.Functions.csproj", "{6A5FA39F-3998-45BF-A7C7-BC06EB6D22F9}"
EndProject
Project("{9A19103F-16F7-4668-BE54-9A1E7A4F7556}") = "BFI.Web", "bfi.web\BFI.Web.csproj", "{548B7D04-A2FB-4EC8-BFE5-BB8BCB9ECECC}"
EndProject
Project("{9A19103F-16F7-4668-BE54-9A1E7A4F7556}") = "BFI.Application", "BFI.Application\BFI.Application.csproj", "{25A790DE-B5D2-4D95-8F7A-535A43FB6660}"
EndProject
Project("{9A19103F-16F7-4668-BE54-9A1E7A4F7556}") = "BFI.Services", "BFI.Services\BFI.Services.csproj", "{B0044DC1-8E52-4DBD-BD28-05F94825575F}"
EndProject
Global
	GlobalSection(SolutionConfigurationPlatforms) = preSolution
		Debug|Any CPU = Debug|Any CPU
		Release|Any CPU = Release|Any CPU
	EndGlobalSection
	GlobalSection(ProjectConfigurationPlatforms) = postSolution
		{AE6F9DD6-E975-4A83-8FAD-E4386EE0495A}.Debug|Any CPU.ActiveCfg = Debug|Any CPU
		{AE6F9DD6-E975-4A83-8FAD-E4386EE0495A}.Debug|Any CPU.Build.0 = Debug|Any CPU
		{AE6F9DD6-E975-4A83-8FAD-E4386EE0495A}.Release|Any CPU.ActiveCfg = Release|Any CPU
		{AE6F9DD6-E975-4A83-8FAD-E4386EE0495A}.Release|Any CPU.Build.0 = Release|Any CPU
		{761D5F9F-D49A-4C04-B909-155D6239FFAF}.Debug|Any CPU.ActiveCfg = Debug|Any CPU
		{761D5F9F-D49A-4C04-B909-155D6239FFAF}.Debug|Any CPU.Build.0 = Debug|Any CPU
		{761D5F9F-D49A-4C04-B909-155D6239FFAF}.Release|Any CPU.ActiveCfg = Release|Any CPU
		{761D5F9F-D49A-4C04-B909-155D6239FFAF}.Release|Any CPU.Build.0 = Release|Any CPU
		{6A5FA39F-3998-45BF-A7C7-BC06EB6D22F9}.Debug|Any CPU.ActiveCfg = Debug|Any CPU
		{6A5FA39F-3998-45BF-A7C7-BC06EB6D22F9}.Debug|Any CPU.Build.0 = Debug|Any CPU
		{6A5FA39F-3998-45BF-A7C7-BC06EB6D22F9}.Release|Any CPU.ActiveCfg = Release|Any CPU
		{6A5FA39F-3998-45BF-A7C7-BC06EB6D22F9}.Release|Any CPU.Build.0 = Release|Any CPU
		{548B7D04-A2FB-4EC8-BFE5-BB8BCB9ECECC}.Debug|Any CPU.ActiveCfg = Debug|Any CPU
		{548B7D04-A2FB-4EC8-BFE5-BB8BCB9ECECC}.Debug|Any CPU.Build.0 = Debug|Any CPU
		{548B7D04-A2FB-4EC8-BFE5-BB8BCB9ECECC}.Release|Any CPU.ActiveCfg = Release|Any CPU
		{548B7D04-A2FB-4EC8-BFE5-BB8BCB9ECECC}.Release|Any CPU.Build.0 = Release|Any CPU
		{25A790DE-B5D2-4D95-8F7A-535A43FB6660}.Debug|Any CPU.ActiveCfg = Debug|Any CPU
		{25A790DE-B5D2-4D95-8F7A-535A43FB6660}.Debug|Any CPU.Build.0 = Debug|Any CPU
		{25A790DE-B5D2-4D95-8F7A-535A43FB6660}.Release|Any CPU.ActiveCfg = Release|Any CPU
		{25A790DE-B5D2-4D95-8F7A-535A43FB6660}.Release|Any CPU.Build.0 = Release|Any CPU
		{B0044DC1-8E52-4DBD-BD28-05F94825575F}.Debug|Any CPU.ActiveCfg = Debug|Any CPU
		{B0044DC1-8E52-4DBD-BD28-05F94825575F}.Debug|Any CPU.Build.0 = Debug|Any CPU
		{B0044DC1-8E52-4DBD-BD28-05F94825575F}.Release|Any CPU.ActiveCfg = Release|Any CPU
		{B0044DC1-8E52-4DBD-BD28-05F94825575F}.Release|Any CPU.Build.0 = Release|Any CPU
	EndGlobalSection
	GlobalSection(SolutionProperties) = preSolution
		HideSolutionNode = FALSE
	EndGlobalSection
	GlobalSection(ExtensibilityGlobals) = postSolution
		SolutionGuid = {302F9BA7-C844-45EC-88CD-3C405491CBF2}
	EndGlobalSection
EndGlobal
