
Microsoft Visual Studio Solution File, Format Version 12.00
# Visual Studio Version 16
VisualStudioVersion = 16.0.28729.10
MinimumVisualStudioVersion = 10.0.40219.1
Project("{9A19103F-16F7-4668-BE54-9A1E7A4F7556}") = "BFI.Domain", "bfi.domain\BFI.Domain.csproj", "{AE6F9DD6-E975-4A83-8FAD-E4386EE0495A}"
EndProject
Project("{9A19103F-16F7-4668-BE54-9A1E7A4F7556}") = "BFI.Domain.Tests", "bfi.domain.tests\BFI.Domain.Tests.csproj", "{761D5F9F-D49A-4C04-B909-155D6239FFAF}"
EndProject
Project("{9A19103F-16F7-4668-BE54-9A1E7A4F7556}") = "BFI.Web", "BFI.Web\BFI.Web.csproj", "{30D71177-9BDE-469C-B804-166E7A44EEF2}"
EndProject
Project("{FAE04EC0-301F-11D3-BF4B-00C04F79EFBC}") = "BFI.Application", "BFI.Application\BFI.Application.csproj", "{847FE97A-9361-4FAA-BFF6-4681D4BD86F1}"
EndProject
Project("{FAE04EC0-301F-11D3-BF4B-00C04F79EFBC}") = "BFI.API", "BFI.API\BFI.API.csproj", "{8C506647-9C2C-4819-9A54-8F0291B17660}"
EndProject
Global
	GlobalSection(SolutionConfigurationPlatforms) = preSolution
		Debug|Any CPU = Debug|Any CPU
		Release|Any CPU = Release|Any CPU
	EndGlobalSection
	GlobalSection(ProjectConfigurationPlatforms) = postSolution
		{AE6F9DD6-E975-4A83-8FAD-E4386EE0495A}.Debug|Any CPU.ActiveCfg = Debug|Any CPU
		{AE6F9DD6-E975-4A83-8FAD-E4386EE0495A}.Debug|Any CPU.Build.0 = Debug|Any CPU
		{AE6F9DD6-E975-4A83-8FAD-E4386EE0495A}.Release|Any CPU.ActiveCfg = Release|Any CPU
		{AE6F9DD6-E975-4A83-8FAD-E4386EE0495A}.Release|Any CPU.Build.0 = Release|Any CPU
		{761D5F9F-D49A-4C04-B909-155D6239FFAF}.Debug|Any CPU.ActiveCfg = Debug|Any CPU
		{761D5F9F-D49A-4C04-B909-155D6239FFAF}.Debug|Any CPU.Build.0 = Debug|Any CPU
		{761D5F9F-D49A-4C04-B909-155D6239FFAF}.Release|Any CPU.ActiveCfg = Release|Any CPU
		{761D5F9F-D49A-4C04-B909-155D6239FFAF}.Release|Any CPU.Build.0 = Release|Any CPU
		{30D71177-9BDE-469C-B804-166E7A44EEF2}.Debug|Any CPU.ActiveCfg = Debug|Any CPU
		{30D71177-9BDE-469C-B804-166E7A44EEF2}.Debug|Any CPU.Build.0 = Debug|Any CPU
		{30D71177-9BDE-469C-B804-166E7A44EEF2}.Release|Any CPU.ActiveCfg = Release|Any CPU
		{30D71177-9BDE-469C-B804-166E7A44EEF2}.Release|Any CPU.Build.0 = Release|Any CPU
		{847FE97A-9361-4FAA-BFF6-4681D4BD86F1}.Debug|Any CPU.ActiveCfg = Debug|Any CPU
		{847FE97A-9361-4FAA-BFF6-4681D4BD86F1}.Debug|Any CPU.Build.0 = Debug|Any CPU
		{847FE97A-9361-4FAA-BFF6-4681D4BD86F1}.Release|Any CPU.ActiveCfg = Release|Any CPU
		{847FE97A-9361-4FAA-BFF6-4681D4BD86F1}.Release|Any CPU.Build.0 = Release|Any CPU
		{8C506647-9C2C-4819-9A54-8F0291B17660}.Debug|Any CPU.ActiveCfg = Debug|Any CPU
		{8C506647-9C2C-4819-9A54-8F0291B17660}.Debug|Any CPU.Build.0 = Debug|Any CPU
		{8C506647-9C2C-4819-9A54-8F0291B17660}.Release|Any CPU.ActiveCfg = Release|Any CPU
		{8C506647-9C2C-4819-9A54-8F0291B17660}.Release|Any CPU.Build.0 = Release|Any CPU
	EndGlobalSection
	GlobalSection(SolutionProperties) = preSolution
		HideSolutionNode = FALSE
	EndGlobalSection
	GlobalSection(ExtensibilityGlobals) = postSolution
		SolutionGuid = {302F9BA7-C844-45EC-88CD-3C405491CBF2}
	EndGlobalSection
EndGlobal
