
Microsoft Visual Studio Solution File, Format Version 12.00
# Visual Studio 15
VisualStudioVersion = 15.0.27130.2027
MinimumVisualStudioVersion = 10.0.40219.1
Project("{FAE04EC0-301F-11D3-BF4B-00C04F79EFBC}") = "BFI.Model", "BFI.Model\BFI.Model.csproj", "{884E18CD-C9E9-4DEB-9ED7-D4FEBE65980C}"
EndProject
Project("{FAE04EC0-301F-11D3-BF4B-00C04F79EFBC}") = "BFI.Model.Tests", "BFI.Model.Tests\BFI.Model.Tests.csproj", "{4537FF71-A40E-4574-8C98-B011AC13EEB5}"
EndProject
Global
	GlobalSection(SolutionConfigurationPlatforms) = preSolution
		Debug|Any CPU = Debug|Any CPU
		Release|Any CPU = Release|Any CPU
	EndGlobalSection
	GlobalSection(ProjectConfigurationPlatforms) = postSolution
		{884E18CD-C9E9-4DEB-9ED7-D4FEBE65980C}.Debug|Any CPU.ActiveCfg = Debug|Any CPU
		{884E18CD-C9E9-4DEB-9ED7-D4FEBE65980C}.Debug|Any CPU.Build.0 = Debug|Any CPU
		{884E18CD-C9E9-4DEB-9ED7-D4FEBE65980C}.Release|Any CPU.ActiveCfg = Release|Any CPU
		{884E18CD-C9E9-4DEB-9ED7-D4FEBE65980C}.Release|Any CPU.Build.0 = Release|Any CPU
		{4537FF71-A40E-4574-8C98-B011AC13EEB5}.Debug|Any CPU.ActiveCfg = Debug|Any CPU
		{4537FF71-A40E-4574-8C98-B011AC13EEB5}.Debug|Any CPU.Build.0 = Debug|Any CPU
		{4537FF71-A40E-4574-8C98-B011AC13EEB5}.Release|Any CPU.ActiveCfg = Release|Any CPU
		{4537FF71-A40E-4574-8C98-B011AC13EEB5}.Release|Any CPU.Build.0 = Release|Any CPU
	EndGlobalSection
	GlobalSection(SolutionProperties) = preSolution
		HideSolutionNode = FALSE
	EndGlobalSection
	GlobalSection(ExtensibilityGlobals) = postSolution
		SolutionGuid = {302F9BA7-C844-45EC-88CD-3C405491CBF2}
	EndGlobalSection
EndGlobal
